
Microsoft Visual Studio Solution File, Format Version 12.00
# Visual Studio Version 16
VisualStudioVersion = 16.0.30517.126
MinimumVisualStudioVersion = 10.0.40219.1
Project("{FAE04EC0-301F-11D3-BF4B-00C04F79EFBC}") = "IndependentWork", "IndependentWork\IndependentWork.csproj", "{3F2BB12E-05C1-40E2-9B9B-C329F31093E3}"
EndProject
Global
	GlobalSection(SolutionConfigurationPlatforms) = preSolution
		Debug|Any CPU = Debug|Any CPU
		Release|Any CPU = Release|Any CPU
	EndGlobalSection
	GlobalSection(ProjectConfigurationPlatforms) = postSolution
		{3F2BB12E-05C1-40E2-9B9B-C329F31093E3}.Debug|Any CPU.ActiveCfg = Debug|Any CPU
		{3F2BB12E-05C1-40E2-9B9B-C329F31093E3}.Debug|Any CPU.Build.0 = Debug|Any CPU
		{3F2BB12E-05C1-40E2-9B9B-C329F31093E3}.Release|Any CPU.ActiveCfg = Release|Any CPU
		{3F2BB12E-05C1-40E2-9B9B-C329F31093E3}.Release|Any CPU.Build.0 = Release|Any CPU
	EndGlobalSection
	GlobalSection(SolutionProperties) = preSolution
		HideSolutionNode = FALSE
	EndGlobalSection
	GlobalSection(ExtensibilityGlobals) = postSolution
		SolutionGuid = {D743DF4A-95BE-4E13-90FD-FE432E34385C}
	EndGlobalSection
EndGlobal
